{
  "name": "Vefforritun2",
  "lockfileVersion": 3,
  "requires": true,
  "packages": {
    "": {
      "dependencies": {
        "uikit": "^3.25.13"
      },
      "devDependencies": {
        "@types/uikit": "^3.23.0"
      }
    },
    "node_modules/@types/uikit": {
      "version": "3.23.0",
      "resolved": "https://registry.npmjs.org/@types/uikit/-/uikit-3.23.0.tgz",
      "integrity": "sha512-GTn8/K+f4AjFxtLqRKWzjaVKckQp/rHcl20IO09salh2VjyFb9CqeFugL95skO6qbbJLil3PE1MmNajrSj5gMg==",
      "dev": true,
      "license": "MIT"
    },
    "node_modules/uikit": {
      "version": "3.25.13",
      "resolved": "https://registry.npmjs.org/uikit/-/uikit-3.25.13.tgz",
      "integrity": "sha512-p7jCY7+FS0xs1McvU+5pV6Z/hNxsLmE92VD/JytIAZ3qMVTy/39mSCJx4YI6KuxcsL+bX2O3YV4JGlCLxgXSKA==",
      "license": "MIT"
    }
  }
}
